PODS:
  - Capacitor (7.4.2):
    - CapacitorCordova
  - CapacitorCordova (7.4.2)
  - CapacitorPluginSafeArea (4.0.0):
    - Capacitor

DEPENDENCIES:
  - "Capacitor (from `../../node_modules/.pnpm/@capacitor+ios@7.4.2_@capacitor+core@7.4.2/node_modules/@capacitor/ios`)"
  - "CapacitorCordova (from `../../node_modules/.pnpm/@capacitor+ios@7.4.2_@capacitor+core@7.4.2/node_modules/@capacitor/ios`)"
  - "CapacitorPluginSafeArea (from `../../node_modules/.pnpm/capacitor-plugin-safe-area@4.0.0_@capacitor+core@7.4.2/node_modules/capacitor-plugin-safe-area`)"

EXTERNAL SOURCES:
  Capacitor:
    :path: "../../node_modules/.pnpm/@capacitor+ios@7.4.2_@capacitor+core@7.4.2/node_modules/@capacitor/ios"
  CapacitorCordova:
    :path: "../../node_modules/.pnpm/@capacitor+ios@7.4.2_@capacitor+core@7.4.2/node_modules/@capacitor/ios"
  CapacitorPluginSafeArea:
    :path: "../../node_modules/.pnpm/capacitor-plugin-safe-area@4.0.0_@capacitor+core@7.4.2/node_modules/capacitor-plugin-safe-area"

SPEC CHECKSUMS:
  Capacitor: 9d9e481b79ffaeacaf7a85d6a11adec32bd33b59
  CapacitorCordova: 5e58d04631bc5094894ac106e2bf1da18a9e6151
  CapacitorPluginSafeArea: 22031c3436269ca80fac90ec2c94bc7c1e59a81d

PODFILE CHECKSUM: 75843adb4aa97c7231eb58a7f7567cc980910477

COCOAPODS: 1.16.2
